// !$*UTF8*$!
{
	archiveVersion = 1;
	classes = {
	};
	objectVersion = 46;
	objects = {

/* Begin PBXBuildFile section */
		01ECD24D1EA631240003D9F1 /* AppDelegate.swift in Sources */ = {isa = PBXBuildFile; fileRef = 01ECD24C1EA631240003D9F1 /* AppDelegate.swift */; };
		01ECD24F1EA631240003D9F1 /* ViewController.swift in Sources */ = {isa = PBXBuildFile; fileRef = 01ECD24E1EA631240003D9F1 /* ViewController.swift */; };
		01ECD2521EA631240003D9F1 /* Main.storyboard in Resources */ = {isa = PBXBuildFile; fileRef = 01ECD2501EA631240003D9F1 /* Main.storyboard */; };
		01ECD2541EA631240003D9F1 /* Assets.xcassets in Resources */ = {isa = PBXBuildFile; fileRef = 01ECD2531EA631240003D9F1 /* Assets.xcassets */; };
		01ECD2571EA631240003D9F1 /* LaunchScreen.storyboard in Resources */ = {isa = PBXBuildFile; fileRef = 01ECD2551EA631240003D9F1 /* LaunchScreen.storyboard */; };
		01ECD2611EA631A40003D9F1 /* calculatorCore.swift in Sources */ = {isa = PBXBuildFile; fileRef = 01ECD25F1EA631A40003D9F1 /* calculatorCore.swift */; };
		01ECD2621EA631A40003D9F1 /* Info.plist in Resources */ = {isa = PBXBuildFile; fileRef = 01ECD2601EA631A40003D9F1 /* Info.plist */; };
/* End PBXBuildFile section */

/* Begin PBXFileReference section */
		01ECD2491EA631240003D9F1 /* Calculator-2.app */ = {isa = PBXFileReference; explicitFileType = wrapper.application; includeInIndex = 0; path = "Calculator-2.app"; sourceTree = BUILT_PRODUCTS_DIR; };
		01ECD24C1EA631240003D9F1 /* AppDelegate.swift */ = {isa = PBXFileReference; lastKnownFileType = sourcecode.swift; path = AppDelegate.swift; sourceTree = "<group>"; };
		01ECD24E1EA631240003D9F1 /* ViewController.swift */ = {isa = PBXFileReference; lastKnownFileType = sourcecode.swift; lineEnding = 0; path = ViewController.swift; sourceTree = "<group>"; usesTabs = 0; };
		01ECD2511EA631240003D9F1 /* Base */ = {isa = PBXFileReference; lastKnownFileType = file.storyboard; name = Base; path = Base.lproj/Main.storyboard; sourceTree = "<group>"; };
		01ECD2531EA631240003D9F1 /* Assets.xcassets */ = {isa = PBXFileReference; lastKnownFileType = folder.assetcatalog; path = Assets.xcassets; sourceTree = "<group>"; };
		01ECD2561EA631240003D9F1 /* Base */ = {isa = PBXFileReference; lastKnownFileType = file.storyboard; name = Base; path = Base.lproj/LaunchScreen.storyboard; sourceTree = "<group>"; };
		01ECD2581EA631240003D9F1 /* Info.plist */ = {isa = PBXFileReference; lastKnownFileType = text.plist.xml; path = Info.plist; sourceTree = "<group>"; };
		01ECD25F1EA631A40003D9F1 /* calculatorCore.swift */ = {isa = PBXFileReference; fileEncoding = 4; lastKnownFileType = sourcecode.swift; path = calculatorCore.swift; sourceTree = "<group>"; };
		01ECD2601EA631A40003D9F1 /* Info.plist */ = {isa = PBXFileReference; fileEncoding = 4; lastKnownFileType = text.plist.xml; path = Info.plist; sourceTree = "<group>"; };
/* End PBXFileReference section */

/* Begin PBXFrameworksBuildPhase section */
		01ECD2461EA631240003D9F1 /* Frameworks */ = {
			isa = PBXFrameworksBuildPhase;
			buildActionMask = 2147483647;
			files = (
			);
			runOnlyForDeploymentPostprocessing = 0;
		};
/* End PBXFrameworksBuildPhase section */

/* Begin PBXGroup section */
		01ECD2401EA631240003D9F1 = {
			isa = PBXGroup;
			children = (
				01ECD24B1EA631240003D9F1 /* Calculator-2 */,
				01ECD24A1EA631240003D9F1 /* Products */,
				01ECD25E1EA631A40003D9F1 /* calculatorCore */,
			);
			sourceTree = "<group>";
		};
		01ECD24A1EA631240003D9F1 /* Products */ = {
			isa = PBXGroup;
			children = (
				01ECD2491EA631240003D9F1 /* Calculator-2.app */,
			);
			name = Products;
			sourceTree = "<group>";
		};
		01ECD24B1EA631240003D9F1 /* Calculator-2 */ = {
			isa = PBXGroup;
			children = (
				01ECD24C1EA631240003D9F1 /* AppDelegate.swift */,
				01ECD24E1EA631240003D9F1 /* ViewController.swift */,
				01ECD2501EA631240003D9F1 /* Main.storyboard */,
				01ECD2531EA631240003D9F1 /* Assets.xcassets */,
				01ECD2551EA631240003D9F1 /* LaunchScreen.storyboard */,
				01ECD2581EA631240003D9F1 /* Info.plist */,
			);
			path = "Calculator-2";
			sourceTree = "<group>";
		};
		01ECD25E1EA631A40003D9F1 /* calculatorCore */ = {
			isa = PBXGroup;
			children = (
				01ECD25F1EA631A40003D9F1 /* calculatorCore.swift */,
				01ECD2601EA631A40003D9F1 /* Info.plist */,
			);
			path = calculatorCore;
			sourceTree = "<group>";
		};
/* End PBXGroup section */

/* Begin PBXNativeTarget section */
		01ECD2481EA631240003D9F1 /* Calculator-2 */ = {
			isa = PBXNativeTarget;
			buildConfigurationList = 01ECD25B1EA631240003D9F1 /* Build configuration list for PBXNativeTarget "Calculator-2" */;
			buildPhases = (
				01ECD2451EA631240003D9F1 /* Sources */,
				01ECD2461EA631240003D9F1 /* Frameworks */,
				01ECD2471EA631240003D9F1 /* Resources */,
			);
			buildRules = (
			);
			dependencies = (
			);
			name = "Calculator-2";
			productName = "Calculator-2";
			productReference = 01ECD2491EA631240003D9F1 /* Calculator-2.app */;
			productType = "com.apple.product-type.application";
		};
/* End PBXNativeTarget section */

/* Begin PBXProject section */
		01ECD2411EA631240003D9F1 /* Project object */ = {
			isa = PBXProject;
			attributes = {
				LastSwiftUpdateCheck = 0820;
				LastUpgradeCheck = 0820;
				ORGANIZATIONNAME = LeoYen;
				TargetAttributes = {
					01ECD2481EA631240003D9F1 = {
						CreatedOnToolsVersion = 8.2.1;
						ProvisioningStyle = Automatic;
					};
				};
			};
			buildConfigurationList = 01ECD2441EA631240003D9F1 /* Build configuration list for PBXProject "Calculator-2" */;
			compatibilityVersion = "Xcode 3.2";
			developmentRegion = English;
			hasScannedForEncodings = 0;
			knownRegions = (
				en,
				Base,
			);
			mainGroup = 01ECD2401EA631240003D9F1;
			productRefGroup = 01ECD24A1EA631240003D9F1 /* Products */;
			projectDirPath = "";
			projectRoot = "";
			targets = (
				01ECD2481EA631240003D9F1 /* Calculator-2 */,
			);
		};
/* End PBXProject section */

/* Begin PBXResourcesBuildPhase section */
		01ECD2471EA631240003D9F1 /* Resources */ = {
			isa = PBXResourcesBuildPhase;
			buildActionMask = 2147483647;
			files = (
				01ECD2621EA631A40003D9F1 /* Info.plist in Resources */,
				01ECD2571EA631240003D9F1 /* LaunchScreen.storyboard in Resources */,
				01ECD2541EA631240003D9F1 /* Assets.xcassets in Resources */,
				01ECD2521EA631240003D9F1 /* Main.storyboard in Resources */,
			);
			runOnlyForDeploymentPostprocessing = 0;
		};
/* End PBXResourcesBuildPhase section */

/* Begin PBXSourcesBuildPhase section */
		01ECD2451EA631240003D9F1 /* Sources */ = {
			isa = PBXSourcesBuildPhase;
			buildActionMask = 2147483647;
			files = (
				01ECD24F1EA631240003D9F1 /* ViewController.swift in Sources */,
				01ECD24D1EA631240003D9F1 /* AppDelegate.swift in Sources */,
				01ECD2611EA631A40003D9F1 /* calculatorCore.swift in Sources */,
			);
			runOnlyForDeploymentPostprocessing = 0;
		};
/* End PBXSourcesBuildPhase section */

/* Begin PBXVariantGroup section */
		01ECD2501EA631240003D9F1 /* Main.storyboard */ = {
			isa = PBXVariantGroup;
			children = (
				01ECD2511EA631240003D9F1 /* Base */,
			);
			name = Main.storyboard;
			sourceTree = "<group>";
		};
		01ECD2551EA631240003D9F1 /* LaunchScreen.storyboard */ = {
			isa = PBXVariantGroup;
			children = (
				01ECD2561EA631240003D9F1 /* Base */,
			);
			name = LaunchScreen.storyboard;
			sourceTree = "<group>";
		};
/* End PBXVariantGroup section */

/* Begin XCBuildConfiguration section */
		01ECD2591EA631240003D9F1 /* Debug */ = {
			isa = XCBuildConfiguration;
			buildSettings = {
				ALWAYS_SEARCH_USER_PATHS = NO;
				CLANG_ANALYZER_NONNULL = YES;
				CLANG_CXX_LANGUAGE_STANDARD = "gnu++0x";
				CLANG_CXX_LIBRARY = "libc++";
				CLANG_ENABLE_MODULES = YES;
				CLANG_ENABLE_OBJC_ARC = YES;
				CLANG_WARN_BOOL_CONVERSION = YES;
				CLANG_WARN_CONSTANT_CONVERSION = YES;
				CLANG_WARN_DIRECT_OBJC_ISA_USAGE = YES_ERROR;
				CLANG_WARN_DOCUMENTATION_COMMENTS = YES;
				CLANG_WARN_EMPTY_BODY = YES;
				CLANG_WARN_ENUM_CONVERSION = YES;
				CLANG_WARN_INFINITE_RECURSION = YES;
				CLANG_WARN_INT_CONVERSION = YES;
				CLANG_WARN_OBJC_ROOT_CLASS = YES_ERROR;
				CLANG_WARN_SUSPICIOUS_MOVE = YES;
				CLANG_WARN_UNREACHABLE_CODE = YES;
				CLANG_WARN__DUPLICATE_METHOD_MATCH = YES;
				"CODE_SIGN_IDENTITY[sdk=iphoneos*]" = "iPhone Developer";
				COPY_PHASE_STRIP = NO;
				DEBUG_INFORMATION_FORMAT = dwarf;
				ENABLE_STRICT_OBJC_MSGSEND = YES;
				ENABLE_TESTABILITY = YES;
				GCC_C_LANGUAGE_STANDARD = gnu99;
				GCC_DYNAMIC_NO_PIC = NO;
				GCC_NO_COMMON_BLOCKS = YES;
				GCC_OPTIMIZATION_LEVEL = 0;
				GCC_PREPROCESSOR_DEFINITIONS = (
					"DEBUG=1",
					"$(inherited)",
				);
				GCC_WARN_64_TO_32_BIT_CONVERSION = YES;
				GCC_WARN_ABOUT_RETURN_TYPE = YES_ERROR;
				GCC_WARN_UNDECLARED_SELECTOR = YES;
				GCC_WARN_UNINITIALIZED_AUTOS = YES_AGGRESSIVE;
				GCC_WARN_UNUSED_FUNCTION = YES;
				GCC_WARN_UNUSED_VARIABLE = YES;
				IPHONEOS_DEPLOYMENT_TARGET = 10.2;
				MTL_ENABLE_DEBUG_INFO = YES;
				ONLY_ACTIVE_ARCH = YES;
				SDKROOT = iphoneos;
				SWIFT_ACTIVE_COMPILATION_CONDITIONS = DEBUG;
				SWIFT_OPTIMIZATION_LEVEL = "-Onone";
			};
			name = Debug;
		};
		01ECD25A1EA631240003D9F1 /* Release */ = {
			isa = XCBuildConfiguration;
			buildSettings = {
				ALWAYS_SEARCH_USER_PATHS = NO;
				CLANG_ANALYZER_NONNULL = YES;
				CLANG_CXX_LANGUAGE_STANDARD = "gnu++0x";
				CLANG_CXX_LIBRARY = "libc++";
				CLANG_ENABLE_MODULES = YES;
				CLANG_ENABLE_OBJC_ARC = YES;
				CLANG_WARN_BOOL_CONVERSION = YES;
				CLANG_WARN_CONSTANT_CONVERSION = YES;
				CLANG_WARN_DIRECT_OBJC_ISA_USAGE = YES_ERROR;
				CLANG_WARN_DOCUMENTATION_COMMENTS = YES;
				CLANG_WARN_EMPTY_BODY = YES;
				CLANG_WARN_ENUM_CONVERSION = YES;
				CLANG_WARN_INFINITE_RECURSION = YES;
				CLANG_WARN_INT_CONVERSION = YES;
				CLANG_WARN_OBJC_ROOT_CLASS = YES_ERROR;
				CLANG_WARN_SUSPICIOUS_MOVE = YES;
				CLANG_WARN_UNREACHABLE_CODE = YES;
				CLANG_WARN__DUPLICATE_METHOD_MATCH = YES;
				"CODE_SIGN_IDENTITY[sdk=iphoneos*]" = "iPhone Developer";
				COPY_PHASE_STRIP = NO;
				DEBUG_INFORMATION_FORMAT = "dwarf-with-dsym";
				ENABLE_NS_ASSERTIONS = NO;
				ENABLE_STRICT_OBJC_MSGSEND = YES;
				GCC_C_LANGUAGE_STANDARD = gnu99;
				GCC_NO_COMMON_BLOCKS = YES;
				GCC_WARN_64_TO_32_BIT_CONVERSION = YES;
				GCC_WARN_ABOUT_RETURN_TYPE = YES_ERROR;
				GCC_WARN_UNDECLARED_SELECTOR = YES;
				GCC_WARN_UNINITIALIZED_AUTOS = YES_AGGRESSIVE;
				GCC_WARN_UNUSED_FUNCTION = YES;
				GCC_WARN_UNUSED_VARIABLE = YES;
				IPHONEOS_DEPLOYMENT_TARGET = 10.2;
				MTL_ENABLE_DEBUG_INFO = NO;
				SDKROOT = iphoneos;
				SWIFT_OPTIMIZATION_LEVEL = "-Owholemodule";
				VALIDATE_PRODUCT = YES;
			};
			name = Release;
		};
		01ECD25C1EA631240003D9F1 /* Debug */ = {
			isa = XCBuildConfiguration;
			buildSettings = {
				ASSETCATALOG_COMPILER_APPICON_NAME = AppIcon;
				INFOPLIST_FILE = "Calculator-2/Info.plist";
				LD_RUNPATH_SEARCH_PATHS = "$(inherited) @executable_path/Frameworks";
				PRODUCT_BUNDLE_IDENTIFIER = "com.LeoYen.www.Calculator-2";
				PRODUCT_NAME = "$(TARGET_NAME)";
				SWIFT_VERSION = 3.0;
			};
			name = Debug;
		};
		01ECD25D1EA631240003D9F1 /* Release */ = {
			isa = XCBuildConfiguration;
			buildSettings = {
				ASSETCATALOG_COMPILER_APPICON_NAME = AppIcon;
				INFOPLIST_FILE = "Calculator-2/Info.plist";
				LD_RUNPATH_SEARCH_PATHS = "$(inherited) @executable_path/Frameworks";
				PRODUCT_BUNDLE_IDENTIFIER = "com.LeoYen.www.Calculator-2";
				PRODUCT_NAME = "$(TARGET_NAME)";
				SWIFT_VERSION = 3.0;
			};
			name = Release;
		};
/* End XCBuildConfiguration section */

/* Begin XCConfigurationList section */
		01ECD2441EA631240003D9F1 /* Build configuration list for PBXProject "Calculator-2" */ = {
			isa = XCConfigurationList;
			buildConfigurations = (
				01ECD2591EA631240003D9F1 /* Debug */,
				01ECD25A1EA631240003D9F1 /* Release */,
			);
			defaultConfigurationIsVisible = 0;
			defaultConfigurationName = Release;
		};
		01ECD25B1EA631240003D9F1 /* Build configuration list for PBXNativeTarget "Calculator-2" */ = {
			isa = XCConfigurationList;
			buildConfigurations = (
				01ECD25C1EA631240003D9F1 /* Debug */,
				01ECD25D1EA631240003D9F1 /* Release */,
			);
			defaultConfigurationIsVisible = 0;
		};
/* End XCConfigurationList section */
	};
	rootObject = 01ECD2411EA631240003D9F1 /* Project object */;
}
